// !$*UTF8*$!
{
	archiveVersion = 1;
	classes = {
	};
	objectVersion = 56;
	objects = {

/* Begin PBXBuildFile section */
		CC2903392CB91AF6002FF091 /* WidgetExampleApp.swift in Sources */ = {isa = PBXBuildFile; fileRef = CC2903382CB91AF6002FF091 /* WidgetExampleApp.swift */; };
		CC29033B2CB91AF6002FF091 /* ContentView.swift in Sources */ = {isa = PBXBuildFile; fileRef = CC29033A2CB91AF6002FF091 /* ContentView.swift */; };
		CC29033D2CB91AF7002FF091 /* Assets.xcassets in Resources */ = {isa = PBXBuildFile; fileRef = CC29033C2CB91AF7002FF091 /* Assets.xcassets */; };
		CC2903402CB91AF7002FF091 /* Preview Assets.xcassets in Resources */ = {isa = PBXBuildFile; fileRef = CC29033F2CB91AF7002FF091 /* Preview Assets.xcassets */; };
		CC29036D2CB93507002FF091 /* WidgetKit.framework in Frameworks */ = {isa = PBXBuildFile; fileRef = CC29036C2CB93507002FF091 /* WidgetKit.framework */; };
		CC29036F2CB93507002FF091 /* SwiftUI.framework in Frameworks */ = {isa = PBXBuildFile; fileRef = CC29036E2CB93507002FF091 /* SwiftUI.framework */; };
		CC2903722CB93507002FF091 /* imageWidgetBundle.swift in Sources */ = {isa = PBXBuildFile; fileRef = CC2903712CB93507002FF091 /* imageWidgetBundle.swift */; };
		CC2903742CB93507002FF091 /* imageWidget.swift in Sources */ = {isa = PBXBuildFile; fileRef = CC2903732CB93507002FF091 /* imageWidget.swift */; };
		CC2903762CB93508002FF091 /* Assets.xcassets in Resources */ = {isa = PBXBuildFile; fileRef = CC2903752CB93508002FF091 /* Assets.xcassets */; };
		CC29037A2CB93508002FF091 /* imageWidgetExtension.appex in Embed Foundation Extensions */ = {isa = PBXBuildFile; fileRef = CC29036A2CB93507002FF091 /* imageWidgetExtension.appex */; settings = {ATTRIBUTES = (RemoveHeadersOnCopy, ); }; };
		CC2903852CB97707002FF091 /* MemoryCrashWidget.swift in Sources */ = {isa = PBXBuildFile; fileRef = CC2903842CB97707002FF091 /* MemoryCrashWidget.swift */; };
/* End PBXBuildFile section */

/* Begin PBXContainerItemProxy section */
		CC2903782CB93508002FF091 /* PBXContainerItemProxy */ = {
			isa = PBXContainerItemProxy;
			containerPortal = CC29032D2CB91AF6002FF091 /* Project object */;
			proxyType = 1;
			remoteGlobalIDString = CC2903692CB93507002FF091;
			remoteInfo = imageWidgetExtension;
		};
/* End PBXContainerItemProxy section */

/* Begin PBXCopyFilesBuildPhase section */
		CC29037E2CB93508002FF091 /* Embed Foundation Extensions */ = {
			isa = PBXCopyFilesBuildPhase;
			buildActionMask = 2147483647;
			dstPath = "";
			dstSubfolderSpec = 13;
			files = (
				CC29037A2CB93508002FF091 /* imageWidgetExtension.appex in Embed Foundation Extensions */,
			);
			name = "Embed Foundation Extensions";
			runOnlyForDeploymentPostprocessing = 0;
		};
/* End PBXCopyFilesBuildPhase section */

/* Begin PBXFileReference section */
		CC2903352CB91AF6002FF091 /* WidgetExample.app */ = {isa = PBXFileReference; explicitFileType = wrapper.application; includeInIndex = 0; path = WidgetExample.app; sourceTree = BUILT_PRODUCTS_DIR; };
		CC2903382CB91AF6002FF091 /* WidgetExampleApp.swift */ = {isa = PBXFileReference; lastKnownFileType = sourcecode.swift; path = WidgetExampleApp.swift; sourceTree = "<group>"; };
		CC29033A2CB91AF6002FF091 /* ContentView.swift */ = {isa = PBXFileReference; lastKnownFileType = sourcecode.swift; path = ContentView.swift; sourceTree = "<group>"; };
		CC29033C2CB91AF7002FF091 /* Assets.xcassets */ = {isa = PBXFileReference; lastKnownFileType = folder.assetcatalog; path = Assets.xcassets; sourceTree = "<group>"; };
		CC29033F2CB91AF7002FF091 /* Preview Assets.xcassets */ = {isa = PBXFileReference; lastKnownFileType = folder.assetcatalog; path = "Preview Assets.xcassets"; sourceTree = "<group>"; };
		CC2903652CB934DA002FF091 /* WidgetExample.entitlements */ = {isa = PBXFileReference; lastKnownFileType = text.plist.entitlements; path = WidgetExample.entitlements; sourceTree = "<group>"; };
		CC29036A2CB93507002FF091 /* imageWidgetExtension.appex */ = {isa = PBXFileReference; explicitFileType = "wrapper.app-extension"; includeInIndex = 0; path = imageWidgetExtension.appex; sourceTree = BUILT_PRODUCTS_DIR; };
		CC29036C2CB93507002FF091 /* WidgetKit.framework */ = {isa = PBXFileReference; lastKnownFileType = wrapper.framework; name = WidgetKit.framework; path = System/Library/Frameworks/WidgetKit.framework; sourceTree = SDKROOT; };
		CC29036E2CB93507002FF091 /* SwiftUI.framework */ = {isa = PBXFileReference; lastKnownFileType = wrapper.framework; name = SwiftUI.framework; path = System/Library/Frameworks/SwiftUI.framework; sourceTree = SDKROOT; };
		CC2903712CB93507002FF091 /* imageWidgetBundle.swift */ = {isa = PBXFileReference; lastKnownFileType = sourcecode.swift; path = imageWidgetBundle.swift; sourceTree = "<group>"; };
		CC2903732CB93507002FF091 /* imageWidget.swift */ = {isa = PBXFileReference; lastKnownFileType = sourcecode.swift; path = imageWidget.swift; sourceTree = "<group>"; };
		CC2903752CB93508002FF091 /* Assets.xcassets */ = {isa = PBXFileReference; lastKnownFileType = folder.assetcatalog; path = Assets.xcassets; sourceTree = "<group>"; };
		CC2903772CB93508002FF091 /* Info.plist */ = {isa = PBXFileReference; lastKnownFileType = text.plist.xml; path = Info.plist; sourceTree = "<group>"; };
		CC29037F2CB93510002FF091 /* imageWidgetExtension.entitlements */ = {isa = PBXFileReference; lastKnownFileType = text.plist.entitlements; path = imageWidgetExtension.entitlements; sourceTree = "<group>"; };
		CC2903842CB97707002FF091 /* MemoryCrashWidget.swift */ = {isa = PBXFileReference; lastKnownFileType = sourcecode.swift; path = MemoryCrashWidget.swift; sourceTree = "<group>"; };
/* End PBXFileReference section */

/* Begin PBXFrameworksBuildPhase section */
		CC2903322CB91AF6002FF091 /* Frameworks */ = {
			isa = PBXFrameworksBuildPhase;
			buildActionMask = 2147483647;
			files = (
			);
			runOnlyForDeploymentPostprocessing = 0;
		};
		CC2903672CB93507002FF091 /* Frameworks */ = {
			isa = PBXFrameworksBuildPhase;
			buildActionMask = 2147483647;
			files = (
				CC29036F2CB93507002FF091 /* SwiftUI.framework in Frameworks */,
				CC29036D2CB93507002FF091 /* WidgetKit.framework in Frameworks */,
			);
			runOnlyForDeploymentPostprocessing = 0;
		};
/* End PBXFrameworksBuildPhase section */

/* Begin PBXGroup section */
		CC29032C2CB91AF6002FF091 = {
			isa = PBXGroup;
			children = (
				CC29037F2CB93510002FF091 /* imageWidgetExtension.entitlements */,
				CC2903372CB91AF6002FF091 /* WidgetExample */,
				CC2903702CB93507002FF091 /* imageWidget */,
				CC29036B2CB93507002FF091 /* Frameworks */,
				CC2903362CB91AF6002FF091 /* Products */,
			);
			sourceTree = "<group>";
		};
		CC2903362CB91AF6002FF091 /* Products */ = {
			isa = PBXGroup;
			children = (
				CC2903352CB91AF6002FF091 /* WidgetExample.app */,
				CC29036A2CB93507002FF091 /* imageWidgetExtension.appex */,
			);
			name = Products;
			sourceTree = "<group>";
		};
		CC2903372CB91AF6002FF091 /* WidgetExample */ = {
			isa = PBXGroup;
			children = (
				CC2903652CB934DA002FF091 /* WidgetExample.entitlements */,
				CC2903382CB91AF6002FF091 /* WidgetExampleApp.swift */,
				CC29033A2CB91AF6002FF091 /* ContentView.swift */,
				CC29033C2CB91AF7002FF091 /* Assets.xcassets */,
				CC29033E2CB91AF7002FF091 /* Preview Content */,
			);
			path = WidgetExample;
			sourceTree = "<group>";
		};
		CC29033E2CB91AF7002FF091 /* Preview Content */ = {
			isa = PBXGroup;
			children = (
				CC29033F2CB91AF7002FF091 /* Preview Assets.xcassets */,
			);
			path = "Preview Content";
			sourceTree = "<group>";
		};
		CC29036B2CB93507002FF091 /* Frameworks */ = {
			isa = PBXGroup;
			children = (
				CC29036C2CB93507002FF091 /* WidgetKit.framework */,
				CC29036E2CB93507002FF091 /* SwiftUI.framework */,
			);
			name = Frameworks;
			sourceTree = "<group>";
		};
		CC2903702CB93507002FF091 /* imageWidget */ = {
			isa = PBXGroup;
			children = (
				CC2903712CB93507002FF091 /* imageWidgetBundle.swift */,
				CC2903732CB93507002FF091 /* imageWidget.swift */,
				CC2903842CB97707002FF091 /* MemoryCrashWidget.swift */,
				CC2903752CB93508002FF091 /* Assets.xcassets */,
				CC2903772CB93508002FF091 /* Info.plist */,
			);
			path = imageWidget;
			sourceTree = "<group>";
		};
/* End PBXGroup section */

/* Begin PBXNativeTarget section */
		CC2903342CB91AF6002FF091 /* WidgetExample */ = {
			isa = PBXNativeTarget;
			buildConfigurationList = CC2903432CB91AF7002FF091 /* Build configuration list for PBXNativeTarget "WidgetExample" */;
			buildPhases = (
				CC2903312CB91AF6002FF091 /* Sources */,
				CC2903322CB91AF6002FF091 /* Frameworks */,
				CC2903332CB91AF6002FF091 /* Resources */,
				CC29037E2CB93508002FF091 /* Embed Foundation Extensions */,
			);
			buildRules = (
			);
			dependencies = (
				CC2903792CB93508002FF091 /* PBXTargetDependency */,
			);
			name = WidgetExample;
			productName = WidgetExample;
			productReference = CC2903352CB91AF6002FF091 /* WidgetExample.app */;
			productType = "com.apple.product-type.application";
		};
		CC2903692CB93507002FF091 /* imageWidgetExtension */ = {
			isa = PBXNativeTarget;
			buildConfigurationList = CC29037B2CB93508002FF091 /* Build configuration list for PBXNativeTarget "imageWidgetExtension" */;
			buildPhases = (
				CC2903662CB93507002FF091 /* Sources */,
				CC2903672CB93507002FF091 /* Frameworks */,
				CC2903682CB93507002FF091 /* Resources */,
			);
			buildRules = (
			);
			dependencies = (
			);
			name = imageWidgetExtension;
			productName = imageWidgetExtension;
			productReference = CC29036A2CB93507002FF091 /* imageWidgetExtension.appex */;
			productType = "com.apple.product-type.app-extension";
		};
/* End PBXNativeTarget section */

/* Begin PBXProject section */
		CC29032D2CB91AF6002FF091 /* Project object */ = {
			isa = PBXProject;
			attributes = {
				BuildIndependentTargetsInParallel = 1;
				LastSwiftUpdateCheck = 1500;
				LastUpgradeCheck = 1500;
				TargetAttributes = {
					CC2903342CB91AF6002FF091 = {
						CreatedOnToolsVersion = 15.0;
					};
					CC2903692CB93507002FF091 = {
						CreatedOnToolsVersion = 15.0;
					};
				};
			};
			buildConfigurationList = CC2903302CB91AF6002FF091 /* Build configuration list for PBXProject "WidgetExample" */;
			compatibilityVersion = "Xcode 14.0";
			developmentRegion = en;
			hasScannedForEncodings = 0;
			knownRegions = (
				en,
				Base,
			);
			mainGroup = CC29032C2CB91AF6002FF091;
			productRefGroup = CC2903362CB91AF6002FF091 /* Products */;
			projectDirPath = "";
			projectRoot = "";
			targets = (
				CC2903342CB91AF6002FF091 /* WidgetExample */,
				CC2903692CB93507002FF091 /* imageWidgetExtension */,
			);
		};
/* End PBXProject section */

/* Begin PBXResourcesBuildPhase section */
		CC2903332CB91AF6002FF091 /* Resources */ = {
			isa = PBXResourcesBuildPhase;
			buildActionMask = 2147483647;
			files = (
				CC2903402CB91AF7002FF091 /* Preview Assets.xcassets in Resources */,
				CC29033D2CB91AF7002FF091 /* Assets.xcassets in Resources */,
			);
			runOnlyForDeploymentPostprocessing = 0;
		};
		CC2903682CB93507002FF091 /* Resources */ = {
			isa = PBXResourcesBuildPhase;
			buildActionMask = 2147483647;
			files = (
				CC2903762CB93508002FF091 /* Assets.xcassets in Resources */,
			);
			runOnlyForDeploymentPostprocessing = 0;
		};
/* End PBXResourcesBuildPhase section */

/* Begin PBXSourcesBuildPhase section */
		CC2903312CB91AF6002FF091 /* Sources */ = {
			isa = PBXSourcesBuildPhase;
			buildActionMask = 2147483647;
			files = (
				CC29033B2CB91AF6002FF091 /* ContentView.swift in Sources */,
				CC2903392CB91AF6002FF091 /* WidgetExampleApp.swift in Sources */,
			);
			runOnlyForDeploymentPostprocessing = 0;
		};
		CC2903662CB93507002FF091 /* Sources */ = {
			isa = PBXSourcesBuildPhase;
			buildActionMask = 2147483647;
			files = (
				CC2903722CB93507002FF091 /* imageWidgetBundle.swift in Sources */,
				CC2903852CB97707002FF091 /* MemoryCrashWidget.swift in Sources */,
				CC2903742CB93507002FF091 /* imageWidget.swift in Sources */,
			);
			runOnlyForDeploymentPostprocessing = 0;
		};
/* End PBXSourcesBuildPhase section */

/* Begin PBXTargetDependency section */
		CC2903792CB93508002FF091 /* PBXTargetDependency */ = {
			isa = PBXTargetDependency;
			target = CC2903692CB93507002FF091 /* imageWidgetExtension */;
			targetProxy = CC2903782CB93508002FF091 /* PBXContainerItemProxy */;
		};
/* End PBXTargetDependency section */

/* Begin XCBuildConfiguration section */
		CC2903412CB91AF7002FF091 /* Debug */ = {
			isa = XCBuildConfiguration;
			buildSettings = {
				ALWAYS_SEARCH_USER_PATHS = NO;
				ASSETCATALOG_COMPILER_GENERATE_SWIFT_ASSET_SYMBOL_EXTENSIONS = YES;
				CLANG_ANALYZER_NONNULL = YES;
				CLANG_ANALYZER_NUMBER_OBJECT_CONVERSION = YES_AGGRESSIVE;
				CLANG_CXX_LANGUAGE_STANDARD = "gnu++20";
				CLANG_ENABLE_MODULES = YES;
				CLANG_ENABLE_OBJC_ARC = YES;
				CLANG_ENABLE_OBJC_WEAK = YES;
				CLANG_WARN_BLOCK_CAPTURE_AUTORELEASING = YES;
				CLANG_WARN_BOOL_CONVERSION = YES;
				CLANG_WARN_COMMA = YES;
				CLANG_WARN_CONSTANT_CONVERSION = YES;
				CLANG_WARN_DEPRECATED_OBJC_IMPLEMENTATIONS = YES;
				CLANG_WARN_DIRECT_OBJC_ISA_USAGE = YES_ERROR;
				CLANG_WARN_DOCUMENTATION_COMMENTS = YES;
				CLANG_WARN_EMPTY_BODY = YES;
				CLANG_WARN_ENUM_CONVERSION = YES;
				CLANG_WARN_INFINITE_RECURSION = YES;
				CLANG_WARN_INT_CONVERSION = YES;
				CLANG_WARN_NON_LITERAL_NULL_CONVERSION = YES;
				CLANG_WARN_OBJC_IMPLICIT_RETAIN_SELF = YES;
				CLANG_WARN_OBJC_LITERAL_CONVERSION = YES;
				CLANG_WARN_OBJC_ROOT_CLASS = YES_ERROR;
				CLANG_WARN_QUOTED_INCLUDE_IN_FRAMEWORK_HEADER = YES;
				CLANG_WARN_RANGE_LOOP_ANALYSIS = YES;
				CLANG_WARN_STRICT_PROTOTYPES = YES;
				CLANG_WARN_SUSPICIOUS_MOVE = YES;
				CLANG_WARN_UNGUARDED_AVAILABILITY = YES_AGGRESSIVE;
				CLANG_WARN_UNREACHABLE_CODE = YES;
				CLANG_WARN__DUPLICATE_METHOD_MATCH = YES;
				COPY_PHASE_STRIP = NO;
				DEBUG_INFORMATION_FORMAT = dwarf;
				ENABLE_STRICT_OBJC_MSGSEND = YES;
				ENABLE_TESTABILITY = YES;
				ENABLE_USER_SCRIPT_SANDBOXING = YES;
				GCC_C_LANGUAGE_STANDARD = gnu17;
				GCC_DYNAMIC_NO_PIC = NO;
				GCC_NO_COMMON_BLOCKS = YES;
				GCC_OPTIMIZATION_LEVEL = 0;
				GCC_PREPROCESSOR_DEFINITIONS = (
					"DEBUG=1",
					"$(inherited)",
				);
				GCC_WARN_64_TO_32_BIT_CONVERSION = YES;
				GCC_WARN_ABOUT_RETURN_TYPE = YES_ERROR;
				GCC_WARN_UNDECLARED_SELECTOR = YES;
				GCC_WARN_UNINITIALIZED_AUTOS = YES_AGGRESSIVE;
				GCC_WARN_UNUSED_FUNCTION = YES;
				GCC_WARN_UNUSED_VARIABLE = YES;
				IPHONEOS_DEPLOYMENT_TARGET = 17.0;
				LOCALIZATION_PREFERS_STRING_CATALOGS = YES;
				MTL_ENABLE_DEBUG_INFO = INCLUDE_SOURCE;
				MTL_FAST_MATH = YES;
				ONLY_ACTIVE_ARCH = YES;
				SDKROOT = iphoneos;
				SWIFT_ACTIVE_COMPILATION_CONDITIONS = "DEBUG $(inherited)";
				SWIFT_OPTIMIZATION_LEVEL = "-Onone";
			};
			name = Debug;
		};
		CC2903422CB91AF7002FF091 /* Release */ = {
			isa = XCBuildConfiguration;
			buildSettings = {
				ALWAYS_SEARCH_USER_PATHS = NO;
				ASSETCATALOG_COMPILER_GENERATE_SWIFT_ASSET_SYMBOL_EXTENSIONS = YES;
				CLANG_ANALYZER_NONNULL = YES;
				CLANG_ANALYZER_NUMBER_OBJECT_CONVERSION = YES_AGGRESSIVE;
				CLANG_CXX_LANGUAGE_STANDARD = "gnu++20";
				CLANG_ENABLE_MODULES = YES;
				CLANG_ENABLE_OBJC_ARC = YES;
				CLANG_ENABLE_OBJC_WEAK = YES;
				CLANG_WARN_BLOCK_CAPTURE_AUTORELEASING = YES;
				CLANG_WARN_BOOL_CONVERSION = YES;
				CLANG_WARN_COMMA = YES;
				CLANG_WARN_CONSTANT_CONVERSION = YES;
				CLANG_WARN_DEPRECATED_OBJC_IMPLEMENTATIONS = YES;
				CLANG_WARN_DIRECT_OBJC_ISA_USAGE = YES_ERROR;
				CLANG_WARN_DOCUMENTATION_COMMENTS = YES;
				CLANG_WARN_EMPTY_BODY = YES;
				CLANG_WARN_ENUM_CONVERSION = YES;
				CLANG_WARN_INFINITE_RECURSION = YES;
				CLANG_WARN_INT_CONVERSION = YES;
				CLANG_WARN_NON_LITERAL_NULL_CONVERSION = YES;
				CLANG_WARN_OBJC_IMPLICIT_RETAIN_SELF = YES;
				CLANG_WARN_OBJC_LITERAL_CONVERSION = YES;
				CLANG_WARN_OBJC_ROOT_CLASS = YES_ERROR;
				CLANG_WARN_QUOTED_INCLUDE_IN_FRAMEWORK_HEADER = YES;
				CLANG_WARN_RANGE_LOOP_ANALYSIS = YES;
				CLANG_WARN_STRICT_PROTOTYPES = YES;
				CLANG_WARN_SUSPICIOUS_MOVE = YES;
				CLANG_WARN_UNGUARDED_AVAILABILITY = YES_AGGRESSIVE;
				CLANG_WARN_UNREACHABLE_CODE = YES;
				CLANG_WARN__DUPLICATE_METHOD_MATCH = YES;
				COPY_PHASE_STRIP = NO;
				DEBUG_INFORMATION_FORMAT = "dwarf-with-dsym";
				ENABLE_NS_ASSERTIONS = NO;
				ENABLE_STRICT_OBJC_MSGSEND = YES;
				ENABLE_USER_SCRIPT_SANDBOXING = YES;
				GCC_C_LANGUAGE_STANDARD = gnu17;
				GCC_NO_COMMON_BLOCKS = YES;
				GCC_WARN_64_TO_32_BIT_CONVERSION = YES;
				GCC_WARN_ABOUT_RETURN_TYPE = YES_ERROR;
				GCC_WARN_UNDECLARED_SELECTOR = YES;
				GCC_WARN_UNINITIALIZED_AUTOS = YES_AGGRESSIVE;
				GCC_WARN_UNUSED_FUNCTION = YES;
				GCC_WARN_UNUSED_VARIABLE = YES;
				IPHONEOS_DEPLOYMENT_TARGET = 17.0;
				LOCALIZATION_PREFERS_STRING_CATALOGS = YES;
				MTL_ENABLE_DEBUG_INFO = NO;
				MTL_FAST_MATH = YES;
				SDKROOT = iphoneos;
				SWIFT_COMPILATION_MODE = wholemodule;
				VALIDATE_PRODUCT = YES;
			};
			name = Release;
		};
		CC2903442CB91AF7002FF091 /* Debug */ = {
			isa = XCBuildConfiguration;
			buildSettings = {
				ALWAYS_EMBED_SWIFT_STANDARD_LIBRARIES = YES;
				ASSETCATALOG_COMPILER_APPICON_NAME = AppIcon;
				ASSETCATALOG_COMPILER_GLOBAL_ACCENT_COLOR_NAME = AccentColor;
				CODE_SIGN_ENTITLEMENTS = WidgetExample/WidgetExample.entitlements;
				CODE_SIGN_STYLE = Automatic;
				CURRENT_PROJECT_VERSION = 1;
				DEVELOPMENT_ASSET_PATHS = "\"WidgetExample/Preview Content\"";
				DEVELOPMENT_TEAM = VP4GBKDNYR;
				ENABLE_PREVIEWS = YES;
				GENERATE_INFOPLIST_FILE = YES;
				INFOPLIST_KEY_UIApplicationSceneManifest_Generation = YES;
				INFOPLIST_KEY_UIApplicationSupportsIndirectInputEvents = YES;
				INFOPLIST_KEY_UILaunchScreen_Generation = YES;
				INFOPLIST_KEY_UISupportedInterfaceOrientations_iPad = "UIInterfaceOrientationPortrait UIInterfaceOrientationPortraitUpsideDown UIInterfaceOrientationLandscapeLeft UIInterfaceOrientationLandscapeRight";
				INFOPLIST_KEY_UISupportedInterfaceOrientations_iPhone = "UIInterfaceOrientationPortrait UIInterfaceOrientationLandscapeLeft UIInterfaceOrientationLandscapeRight";
				LD_RUNPATH_SEARCH_PATHS = (
					"$(inherited)",
					"@executable_path/Frameworks",
				);
				MARKETING_VERSION = 1.0;
				PRODUCT_BUNDLE_IDENTIFIER = com.kiki.widget.WidgetExample;
				PRODUCT_NAME = "$(TARGET_NAME)";
				SWIFT_EMIT_LOC_STRINGS = YES;
				SWIFT_VERSION = 5.0;
				TARGETED_DEVICE_FAMILY = "1,2";
			};
			name = Debug;
		};
		CC2903452CB91AF7002FF091 /* Release */ = {
			isa = XCBuildConfiguration;
			buildSettings = {
				ALWAYS_EMBED_SWIFT_STANDARD_LIBRARIES = YES;
				ASSETCATALOG_COMPILER_APPICON_NAME = AppIcon;
				ASSETCATALOG_COMPILER_GLOBAL_ACCENT_COLOR_NAME = AccentColor;
				CODE_SIGN_ENTITLEMENTS = WidgetExample/WidgetExample.entitlements;
				CODE_SIGN_STYLE = Automatic;
				CURRENT_PROJECT_VERSION = 1;
				DEVELOPMENT_ASSET_PATHS = "\"WidgetExample/Preview Content\"";
				DEVELOPMENT_TEAM = VP4GBKDNYR;
				ENABLE_PREVIEWS = YES;
				GENERATE_INFOPLIST_FILE = YES;
				INFOPLIST_KEY_UIApplicationSceneManifest_Generation = YES;
				INFOPLIST_KEY_UIApplicationSupportsIndirectInputEvents = YES;
				INFOPLIST_KEY_UILaunchScreen_Generation = YES;
				INFOPLIST_KEY_UISupportedInterfaceOrientations_iPad = "UIInterfaceOrientationPortrait UIInterfaceOrientationPortraitUpsideDown UIInterfaceOrientationLandscapeLeft UIInterfaceOrientationLandscapeRight";
				INFOPLIST_KEY_UISupportedInterfaceOrientations_iPhone = "UIInterfaceOrientationPortrait UIInterfaceOrientationLandscapeLeft UIInterfaceOrientationLandscapeRight";
				LD_RUNPATH_SEARCH_PATHS = (
					"$(inherited)",
					"@executable_path/Frameworks",
				);
				MARKETING_VERSION = 1.0;
				PRODUCT_BUNDLE_IDENTIFIER = com.kiki.widget.WidgetExample;
				PRODUCT_NAME = "$(TARGET_NAME)";
				SWIFT_EMIT_LOC_STRINGS = YES;
				SWIFT_VERSION = 5.0;
				TARGETED_DEVICE_FAMILY = "1,2";
			};
			name = Release;
		};
		CC29037C2CB93508002FF091 /* Debug */ = {
			isa = XCBuildConfiguration;
			buildSettings = {
				ASSETCATALOG_COMPILER_GLOBAL_ACCENT_COLOR_NAME = AccentColor;
				ASSETCATALOG_COMPILER_WIDGET_BACKGROUND_COLOR_NAME = WidgetBackground;
				CODE_SIGN_ENTITLEMENTS = imageWidgetExtension.entitlements;
				CODE_SIGN_STYLE = Automatic;
				CURRENT_PROJECT_VERSION = 1;
				DEVELOPMENT_TEAM = VP4GBKDNYR;
				GENERATE_INFOPLIST_FILE = YES;
				INFOPLIST_FILE = imageWidget/Info.plist;
				INFOPLIST_KEY_CFBundleDisplayName = imageWidget;
				INFOPLIST_KEY_NSHumanReadableCopyright = "";
				LD_RUNPATH_SEARCH_PATHS = (
					"$(inherited)",
					"@executable_path/Frameworks",
					"@executable_path/../../Frameworks",
				);
				MARKETING_VERSION = 1.0;
				PRODUCT_BUNDLE_IDENTIFIER = com.kiki.widget.WidgetExample.imageWidget;
				PRODUCT_NAME = "$(TARGET_NAME)";
				SKIP_INSTALL = YES;
				SWIFT_EMIT_LOC_STRINGS = YES;
				SWIFT_VERSION = 5.0;
				TARGETED_DEVICE_FAMILY = "1,2";
			};
			name = Debug;
		};
		CC29037D2CB93508002FF091 /* Release */ = {
			isa = XCBuildConfiguration;
			buildSettings = {
				ASSETCATALOG_COMPILER_GLOBAL_ACCENT_COLOR_NAME = AccentColor;
				ASSETCATALOG_COMPILER_WIDGET_BACKGROUND_COLOR_NAME = WidgetBackground;
				CODE_SIGN_ENTITLEMENTS = imageWidgetExtension.entitlements;
				CODE_SIGN_STYLE = Automatic;
				CURRENT_PROJECT_VERSION = 1;
				DEVELOPMENT_TEAM = VP4GBKDNYR;
				GENERATE_INFOPLIST_FILE = YES;
				INFOPLIST_FILE = imageWidget/Info.plist;
				INFOPLIST_KEY_CFBundleDisplayName = imageWidget;
				INFOPLIST_KEY_NSHumanReadableCopyright = "";
				LD_RUNPATH_SEARCH_PATHS = (
					"$(inherited)",
					"@executable_path/Frameworks",
					"@executable_path/../../Frameworks",
				);
				MARKETING_VERSION = 1.0;
				PRODUCT_BUNDLE_IDENTIFIER = com.kiki.widget.WidgetExample.imageWidget;
				PRODUCT_NAME = "$(TARGET_NAME)";
				SKIP_INSTALL = YES;
				SWIFT_EMIT_LOC_STRINGS = YES;
				SWIFT_VERSION = 5.0;
				TARGETED_DEVICE_FAMILY = "1,2";
			};
			name = Release;
		};
/* End XCBuildConfiguration section */

/* Begin XCConfigurationList section */
		CC2903302CB91AF6002FF091 /* Build configuration list for PBXProject "WidgetExample" */ = {
			isa = XCConfigurationList;
			buildConfigurations = (
				CC2903412CB91AF7002FF091 /* Debug */,
				CC2903422CB91AF7002FF091 /* Release */,
			);
			defaultConfigurationIsVisible = 0;
			defaultConfigurationName = Release;
		};
		CC2903432CB91AF7002FF091 /* Build configuration list for PBXNativeTarget "WidgetExample" */ = {
			isa = XCConfigurationList;
			buildConfigurations = (
				CC2903442CB91AF7002FF091 /* Debug */,
				CC2903452CB91AF7002FF091 /* Release */,
			);
			defaultConfigurationIsVisible = 0;
			defaultConfigurationName = Release;
		};
		CC29037B2CB93508002FF091 /* Build configuration list for PBXNativeTarget "imageWidgetExtension" */ = {
			isa = XCConfigurationList;
			buildConfigurations = (
				CC29037C2CB93508002FF091 /* Debug */,
				CC29037D2CB93508002FF091 /* Release */,
			);
			defaultConfigurationIsVisible = 0;
			defaultConfigurationName = Release;
		};
/* End XCConfigurationList section */
	};
	rootObject = CC29032D2CB91AF6002FF091 /* Project object */;
}
